Microsoft Visual Studio Solution File, Format Version 12.00
# Visual Studio 15
VisualStudioVersion = 15.0.26430.16
MinimumVisualStudioVersion = 15.0.26124.0
Project("{9A19103F-16F7-4668-BE54-9A1E7A4F7556}") = "ThermometerLibrary", "ThermometerLibrary\ThermometerLibrary.csproj", "{B5E14D1E-BB74-4C2A-A1A3-3F802980FA1B}"
EndProject
Project("{9A19103F-16F7-4668-BE54-9A1E7A4F7556}") = "ThermometerLibrary.Tests", "ThermometerLibrary.Tests\ThermometerLibrary.Tests.csproj", "{E3ED4CBD-7CE4-4411-90E9-424AE6EE6217}"
EndProject
Project("{9A19103F-16F7-4668-BE54-9A1E7A4F7556}") = "ThermometerConsole", "ThermometerConsole\ThermometerConsole.csproj", "{F032416E-C606-45DC-AAD2-B44AAFCD9B74}"
EndProject
Project("{9A19103F-16F7-4668-BE54-9A1E7A4F7556}") = "ThermometerService", "ThermometerService\ThermometerService.csproj", "{59882C79-938A-47BE-ACE6-408845437BA5}"
EndProject
Global
	GlobalSection(SolutionConfigurationPlatforms) = preSolution
		Debug|Any CPU = Debug|Any CPU
		Debug|x64 = Debug|x64
		Debug|x86 = Debug|x86
		Release|Any CPU = Release|Any CPU
		Release|x64 = Release|x64
		Release|x86 = Release|x86
	EndGlobalSection
	GlobalSection(ProjectConfigurationPlatforms) = postSolution
		{B5E14D1E-BB74-4C2A-A1A3-3F802980FA1B}.Debug|Any CPU.ActiveCfg = Debug|Any CPU
		{B5E14D1E-BB74-4C2A-A1A3-3F802980FA1B}.Debug|Any CPU.Build.0 = Debug|Any CPU
		{B5E14D1E-BB74-4C2A-A1A3-3F802980FA1B}.Debug|x64.ActiveCfg = Debug|Any CPU
		{B5E14D1E-BB74-4C2A-A1A3-3F802980FA1B}.Debug|x64.Build.0 = Debug|Any CPU
		{B5E14D1E-BB74-4C2A-A1A3-3F802980FA1B}.Debug|x86.ActiveCfg = Debug|Any CPU
		{B5E14D1E-BB74-4C2A-A1A3-3F802980FA1B}.Debug|x86.Build.0 = Debug|Any CPU
		{B5E14D1E-BB74-4C2A-A1A3-3F802980FA1B}.Release|Any CPU.ActiveCfg = Release|Any CPU
		{B5E14D1E-BB74-4C2A-A1A3-3F802980FA1B}.Release|Any CPU.Build.0 = Release|Any CPU
		{B5E14D1E-BB74-4C2A-A1A3-3F802980FA1B}.Release|x64.ActiveCfg = Release|Any CPU
		{B5E14D1E-BB74-4C2A-A1A3-3F802980FA1B}.Release|x64.Build.0 = Release|Any CPU
		{B5E14D1E-BB74-4C2A-A1A3-3F802980FA1B}.Release|x86.ActiveCfg = Release|Any CPU
		{B5E14D1E-BB74-4C2A-A1A3-3F802980FA1B}.Release|x86.Build.0 = Release|Any CPU
		{E3ED4CBD-7CE4-4411-90E9-424AE6EE6217}.Debug|Any CPU.ActiveCfg = Debug|Any CPU
		{E3ED4CBD-7CE4-4411-90E9-424AE6EE6217}.Debug|Any CPU.Build.0 = Debug|Any CPU
		{E3ED4CBD-7CE4-4411-90E9-424AE6EE6217}.Debug|x64.ActiveCfg = Debug|Any CPU
		{E3ED4CBD-7CE4-4411-90E9-424AE6EE6217}.Debug|x64.Build.0 = Debug|Any CPU
		{E3ED4CBD-7CE4-4411-90E9-424AE6EE6217}.Debug|x86.ActiveCfg = Debug|Any CPU
		{E3ED4CBD-7CE4-4411-90E9-424AE6EE6217}.Debug|x86.Build.0 = Debug|Any CPU
		{E3ED4CBD-7CE4-4411-90E9-424AE6EE6217}.Release|Any CPU.ActiveCfg = Release|Any CPU
		{E3ED4CBD-7CE4-4411-90E9-424AE6EE6217}.Release|Any CPU.Build.0 = Release|Any CPU
		{E3ED4CBD-7CE4-4411-90E9-424AE6EE6217}.Release|x64.ActiveCfg = Release|Any CPU
		{E3ED4CBD-7CE4-4411-90E9-424AE6EE6217}.Release|x64.Build.0 = Release|Any CPU
		{E3ED4CBD-7CE4-4411-90E9-424AE6EE6217}.Release|x86.ActiveCfg = Release|Any CPU
		{E3ED4CBD-7CE4-4411-90E9-424AE6EE6217}.Release|x86.Build.0 = Release|Any CPU
		{F032416E-C606-45DC-AAD2-B44AAFCD9B74}.Debug|Any CPU.ActiveCfg = Debug|Any CPU
		{F032416E-C606-45DC-AAD2-B44AAFCD9B74}.Debug|Any CPU.Build.0 = Debug|Any CPU
		{F032416E-C606-45DC-AAD2-B44AAFCD9B74}.Debug|x64.ActiveCfg = Debug|Any CPU
		{F032416E-C606-45DC-AAD2-B44AAFCD9B74}.Debug|x64.Build.0 = Debug|Any CPU
		{F032416E-C606-45DC-AAD2-B44AAFCD9B74}.Debug|x86.ActiveCfg = Debug|Any CPU
		{F032416E-C606-45DC-AAD2-B44AAFCD9B74}.Debug|x86.Build.0 = Debug|Any CPU
		{F032416E-C606-45DC-AAD2-B44AAFCD9B74}.Release|Any CPU.ActiveCfg = Release|Any CPU
		{F032416E-C606-45DC-AAD2-B44AAFCD9B74}.Release|Any CPU.Build.0 = Release|Any CPU
		{F032416E-C606-45DC-AAD2-B44AAFCD9B74}.Release|x64.ActiveCfg = Release|Any CPU
		{F032416E-C606-45DC-AAD2-B44AAFCD9B74}.Release|x64.Build.0 = Release|Any CPU
		{F032416E-C606-45DC-AAD2-B44AAFCD9B74}.Release|x86.ActiveCfg = Release|Any CPU
		{F032416E-C606-45DC-AAD2-B44AAFCD9B74}.Release|x86.Build.0 = Release|Any CPU
		{59882C79-938A-47BE-ACE6-408845437BA5}.Debug|Any CPU.ActiveCfg = Debug|Any CPU
		{59882C79-938A-47BE-ACE6-408845437BA5}.Debug|Any CPU.Build.0 = Debug|Any CPU
		{59882C79-938A-47BE-ACE6-408845437BA5}.Debug|x64.ActiveCfg = Debug|Any CPU
		{59882C79-938A-47BE-ACE6-408845437BA5}.Debug|x64.Build.0 = Debug|Any CPU
		{59882C79-938A-47BE-ACE6-408845437BA5}.Debug|x86.ActiveCfg = Debug|Any CPU
		{59882C79-938A-47BE-ACE6-408845437BA5}.Debug|x86.Build.0 = Debug|Any CPU
		{59882C79-938A-47BE-ACE6-408845437BA5}.Release|Any CPU.ActiveCfg = Release|Any CPU
		{59882C79-938A-47BE-ACE6-408845437BA5}.Release|Any CPU.Build.0 = Release|Any CPU
		{59882C79-938A-47BE-ACE6-408845437BA5}.Release|x64.ActiveCfg = Release|Any CPU
		{59882C79-938A-47BE-ACE6-408845437BA5}.Release|x64.Build.0 = Release|Any CPU
		{59882C79-938A-47BE-ACE6-408845437BA5}.Release|x86.ActiveCfg = Release|Any CPU
		{59882C79-938A-47BE-ACE6-408845437BA5}.Release|x86.Build.0 = Release|Any CPU
	EndGlobalSection
	GlobalSection(SolutionProperties) = preSolution
		HideSolutionNode = FALSE
	EndGlobalSection
EndGlobal
